// !$*UTF8*$!
{
	archiveVersion = 1;
	classes = {
	};
	objectVersion = 46;
	objects = {

/* Begin PBXBuildFile section */
		031B50381D16F67B0017DE4C /* AppDelegate.swift in Sources */ = {isa = PBXBuildFile; fileRef = 031B50371D16F67B0017DE4C /* AppDelegate.swift */; };
		031B503A1D16F67B0017DE4C /* ViewController.swift in Sources */ = {isa = PBXBuildFile; fileRef = 031B50391D16F67B0017DE4C /* ViewController.swift */; };
		031B503D1D16F67B0017DE4C /* Main.storyboard in Resources */ = {isa = PBXBuildFile; fileRef = 031B503B1D16F67B0017DE4C /* Main.storyboard */; };
		031B503F1D16F67B0017DE4C /* Assets.xcassets in Resources */ = {isa = PBXBuildFile; fileRef = 031B503E1D16F67B0017DE4C /* Assets.xcassets */; };
		031B50421D16F67B0017DE4C /* LaunchScreen.storyboard in Resources */ = {isa = PBXBuildFile; fileRef = 031B50401D16F67B0017DE4C /* LaunchScreen.storyboard */; };
		031B504D1D16F67B0017DE4C /* ClickCounterTests.swift in Sources */ = {isa = PBXBuildFile; fileRef = 031B504C1D16F67B0017DE4C /* ClickCounterTests.swift */; };
		031B50581D16F67B0017DE4C /* ClickCounterUITests.swift in Sources */ = {isa = PBXBuildFile; fileRef = 031B50571D16F67B0017DE4C /* ClickCounterUITests.swift */; };
/* End PBXBuildFile section */

/* Begin PBXContainerItemProxy section */
		031B50491D16F67B0017DE4C /* PBXContainerItemProxy */ = {
			isa = PBXContainerItemProxy;
			containerPortal = 031B502C1D16F67B0017DE4C /* Project object */;
			proxyType = 1;
			remoteGlobalIDString = 031B50331D16F67B0017DE4C;
			remoteInfo = ClickCounter;
		};
		031B50541D16F67B0017DE4C /* PBXContainerItemProxy */ = {
			isa = PBXContainerItemProxy;
			containerPortal = 031B502C1D16F67B0017DE4C /* Project object */;
			proxyType = 1;
			remoteGlobalIDString = 031B50331D16F67B0017DE4C;
			remoteInfo = ClickCounter;
		};
/* End PBXContainerItemProxy section */

/* Begin PBXFileReference section */
		031B50341D16F67B0017DE4C /* ClickCounter.app */ = {isa = PBXFileReference; explicitFileType = wrapper.application; includeInIndex = 0; path = ClickCounter.app; sourceTree = BUILT_PRODUCTS_DIR; };
		031B50371D16F67B0017DE4C /* AppDelegate.swift */ = {isa = PBXFileReference; lastKnownFileType = sourcecode.swift; path = AppDelegate.swift; sourceTree = "<group>"; };
		031B50391D16F67B0017DE4C /* ViewController.swift */ = {isa = PBXFileReference; lastKnownFileType = sourcecode.swift; path = ViewController.swift; sourceTree = "<group>"; };
		031B503C1D16F67B0017DE4C /* Base */ = {isa = PBXFileReference; lastKnownFileType = file.storyboard; name = Base; path = Base.lproj/Main.storyboard; sourceTree = "<group>"; };
		031B503E1D16F67B0017DE4C /* Assets.xcassets */ = {isa = PBXFileReference; lastKnownFileType = folder.assetcatalog; path = Assets.xcassets; sourceTree = "<group>"; };
		031B50411D16F67B0017DE4C /* Base */ = {isa = PBXFileReference; lastKnownFileType = file.storyboard; name = Base; path = Base.lproj/LaunchScreen.storyboard; sourceTree = "<group>"; };
		031B50431D16F67B0017DE4C /* Info.plist */ = {isa = PBXFileReference; lastKnownFileType = text.plist.xml; path = Info.plist; sourceTree = "<group>"; };
		031B50481D16F67B0017DE4C /* ClickCounterTests.xctest */ = {isa = PBXFileReference; explicitFileType = wrapper.cfbundle; includeInIndex = 0; path = ClickCounterTests.xctest; sourceTree = BUILT_PRODUCTS_DIR; };
		031B504C1D16F67B0017DE4C /* ClickCounterTests.swift */ = {isa = PBXFileReference; lastKnownFileType = sourcecode.swift; path = ClickCounterTests.swift; sourceTree = "<group>"; };
		031B504E1D16F67B0017DE4C /* Info.plist */ = {isa = PBXFileReference; lastKnownFileType = text.plist.xml; path = Info.plist; sourceTree = "<group>"; };
		031B50531D16F67B0017DE4C /* ClickCounterUITests.xctest */ = {isa = PBXFileReference; explicitFileType = wrapper.cfbundle; includeInIndex = 0; path = ClickCounterUITests.xctest; sourceTree = BUILT_PRODUCTS_DIR; };
		031B50571D16F67B0017DE4C /* ClickCounterUITests.swift */ = {isa = PBXFileReference; lastKnownFileType = sourcecode.swift; path = ClickCounterUITests.swift; sourceTree = "<group>"; };
		031B50591D16F67B0017DE4C /* Info.plist */ = {isa = PBXFileReference; lastKnownFileType = text.plist.xml; path = Info.plist; sourceTree = "<group>"; };
/* End PBXFileReference section */

/* Begin PBXFrameworksBuildPhase section */
		031B50311D16F67B0017DE4C /* Frameworks */ = {
			isa = PBXFrameworksBuildPhase;
			buildActionMask = 2147483647;
			files = (
			);
			runOnlyForDeploymentPostprocessing = 0;
		};
		031B50451D16F67B0017DE4C /* Frameworks */ = {
			isa = PBXFrameworksBuildPhase;
			buildActionMask = 2147483647;
			files = (
			);
			runOnlyForDeploymentPostprocessing = 0;
		};
		031B50501D16F67B0017DE4C /* Frameworks */ = {
			isa = PBXFrameworksBuildPhase;
			buildActionMask = 2147483647;
			files = (
			);
			runOnlyForDeploymentPostprocessing = 0;
		};
/* End PBXFrameworksBuildPhase section */

/* Begin PBXGroup section */
		031B502B1D16F67B0017DE4C = {
			isa = PBXGroup;
			children = (
				031B50361D16F67B0017DE4C /* ClickCounter */,
				031B504B1D16F67B0017DE4C /* ClickCounterTests */,
				031B50561D16F67B0017DE4C /* ClickCounterUITests */,
				031B50351D16F67B0017DE4C /* Products */,
			);
			sourceTree = "<group>";
		};
		031B50351D16F67B0017DE4C /* Products */ = {
			isa = PBXGroup;
			children = (
				031B50341D16F67B0017DE4C /* ClickCounter.app */,
				031B50481D16F67B0017DE4C /* ClickCounterTests.xctest */,
				031B50531D16F67B0017DE4C /* ClickCounterUITests.xctest */,
			);
			name = Products;
			sourceTree = "<group>";
		};
		031B50361D16F67B0017DE4C /* ClickCounter */ = {
			isa = PBXGroup;
			children = (
				031B50371D16F67B0017DE4C /* AppDelegate.swift */,
				031B50391D16F67B0017DE4C /* ViewController.swift */,
				031B503B1D16F67B0017DE4C /* Main.storyboard */,
				031B503E1D16F67B0017DE4C /* Assets.xcassets */,
				031B50401D16F67B0017DE4C /* LaunchScreen.storyboard */,
				031B50431D16F67B0017DE4C /* Info.plist */,
			);
			path = ClickCounter;
			sourceTree = "<group>";
		};
		031B504B1D16F67B0017DE4C /* ClickCounterTests */ = {
			isa = PBXGroup;
			children = (
				031B504C1D16F67B0017DE4C /* ClickCounterTests.swift */,
				031B504E1D16F67B0017DE4C /* Info.plist */,
			);
			path = ClickCounterTests;
			sourceTree = "<group>";
		};
		031B50561D16F67B0017DE4C /* ClickCounterUITests */ = {
			isa = PBXGroup;
			children = (
				031B50571D16F67B0017DE4C /* ClickCounterUITests.swift */,
				031B50591D16F67B0017DE4C /* Info.plist */,
			);
			path = ClickCounterUITests;
			sourceTree = "<group>";
		};
/* End PBXGroup section */

/* Begin PBXNativeTarget section */
		031B50331D16F67B0017DE4C /* ClickCounter */ = {
			isa = PBXNativeTarget;
			buildConfigurationList = 031B505C1D16F67B0017DE4C /* Build configuration list for PBXNativeTarget "ClickCounter" */;
			buildPhases = (
				031B50301D16F67B0017DE4C /* Sources */,
				031B50311D16F67B0017DE4C /* Frameworks */,
				031B50321D16F67B0017DE4C /* Resources */,
			);
			buildRules = (
			);
			dependencies = (
			);
			name = ClickCounter;
			productName = ClickCounter;
			productReference = 031B50341D16F67B0017DE4C /* ClickCounter.app */;
			productType = "com.apple.product-type.application";
		};
		031B50471D16F67B0017DE4C /* ClickCounterTests */ = {
			isa = PBXNativeTarget;
			buildConfigurationList = 031B505F1D16F67B0017DE4C /* Build configuration list for PBXNativeTarget "ClickCounterTests" */;
			buildPhases = (
				031B50441D16F67B0017DE4C /* Sources */,
				031B50451D16F67B0017DE4C /* Frameworks */,
				031B50461D16F67B0017DE4C /* Resources */,
			);
			buildRules = (
			);
			dependencies = (
				031B504A1D16F67B0017DE4C /* PBXTargetDependency */,
			);
			name = ClickCounterTests;
			productName = ClickCounterTests;
			productReference = 031B50481D16F67B0017DE4C /* ClickCounterTests.xctest */;
			productType = "com.apple.product-type.bundle.unit-test";
		};
		031B50521D16F67B0017DE4C /* ClickCounterUITests */ = {
			isa = PBXNativeTarget;
			buildConfigurationList = 031B50621D16F67B0017DE4C /* Build configuration list for PBXNativeTarget "ClickCounterUITests" */;
			buildPhases = (
				031B504F1D16F67B0017DE4C /* Sources */,
				031B50501D16F67B0017DE4C /* Frameworks */,
				031B50511D16F67B0017DE4C /* Resources */,
			);
			buildRules = (
			);
			dependencies = (
				031B50551D16F67B0017DE4C /* PBXTargetDependency */,
			);
			name = ClickCounterUITests;
			productName = ClickCounterUITests;
			productReference = 031B50531D16F67B0017DE4C /* ClickCounterUITests.xctest */;
			productType = "com.apple.product-type.bundle.ui-testing";
		};
/* End PBXNativeTarget section */

/* Begin PBXProject section */
		031B502C1D16F67B0017DE4C /* Project object */ = {
			isa = PBXProject;
			attributes = {
				LastSwiftUpdateCheck = 0730;
				LastUpgradeCheck = 0730;
				ORGANIZATIONNAME = "Emil Sharifullin";
				TargetAttributes = {
					031B50331D16F67B0017DE4C = {
						CreatedOnToolsVersion = 7.3.1;
						DevelopmentTeam = TM67857KDH;
					};
					031B50471D16F67B0017DE4C = {
						CreatedOnToolsVersion = 7.3.1;
						TestTargetID = 031B50331D16F67B0017DE4C;
					};
					031B50521D16F67B0017DE4C = {
						CreatedOnToolsVersion = 7.3.1;
						TestTargetID = 031B50331D16F67B0017DE4C;
					};
				};
			};
			buildConfigurationList = 031B502F1D16F67B0017DE4C /* Build configuration list for PBXProject "ClickCounter" */;
			compatibilityVersion = "Xcode 3.2";
			developmentRegion = English;
			hasScannedForEncodings = 0;
			knownRegions = (
				en,
				Base,
			);
			mainGroup = 031B502B1D16F67B0017DE4C;
			productRefGroup = 031B50351D16F67B0017DE4C /* Products */;
			projectDirPath = "";
			projectRoot = "";
			targets = (
				031B50331D16F67B0017DE4C /* ClickCounter */,
				031B50471D16F67B0017DE4C /* ClickCounterTests */,
				031B50521D16F67B0017DE4C /* ClickCounterUITests */,
			);
		};
/* End PBXProject section */

/* Begin PBXResourcesBuildPhase section */
		031B50321D16F67B0017DE4C /* Resources */ = {
			isa = PBXResourcesBuildPhase;
			buildActionMask = 2147483647;
			files = (
				031B50421D16F67B0017DE4C /* LaunchScreen.storyboard in Resources */,
				031B503F1D16F67B0017DE4C /* Assets.xcassets in Resources */,
				031B503D1D16F67B0017DE4C /* Main.storyboard in Resources */,
			);
			runOnlyForDeploymentPostprocessing = 0;
		};
		031B50461D16F67B0017DE4C /* Resources */ = {
			isa = PBXResourcesBuildPhase;
			buildActionMask = 2147483647;
			files = (
			);
			runOnlyForDeploymentPostprocessing = 0;
		};
		031B50511D16F67B0017DE4C /* Resources */ = {
			isa = PBXResourcesBuildPhase;
			buildActionMask = 2147483647;
			files = (
			);
			runOnlyForDeploymentPostprocessing = 0;
		};
/* End PBXResourcesBuildPhase section */

/* Begin PBXSourcesBuildPhase section */
		031B50301D16F67B0017DE4C /* Sources */ = {
			isa = PBXSourcesBuildPhase;
			buildActionMask = 2147483647;
			files = (
				031B503A1D16F67B0017DE4C /* ViewController.swift in Sources */,
				031B50381D16F67B0017DE4C /* AppDelegate.swift in Sources */,
			);
			runOnlyForDeploymentPostprocessing = 0;
		};
		031B50441D16F67B0017DE4C /* Sources */ = {
			isa = PBXSourcesBuildPhase;
			buildActionMask = 2147483647;
			files = (
				031B504D1D16F67B0017DE4C /* ClickCounterTests.swift in Sources */,
			);
			runOnlyForDeploymentPostprocessing = 0;
		};
		031B504F1D16F67B0017DE4C /* Sources */ = {
			isa = PBXSourcesBuildPhase;
			buildActionMask = 2147483647;
			files = (
				031B50581D16F67B0017DE4C /* ClickCounterUITests.swift in Sources */,
			);
			runOnlyForDeploymentPostprocessing = 0;
		};
/* End PBXSourcesBuildPhase section */

/* Begin PBXTargetDependency section */
		031B504A1D16F67B0017DE4C /* PBXTargetDependency */ = {
			isa = PBXTargetDependency;
			target = 031B50331D16F67B0017DE4C /* ClickCounter */;
			targetProxy = 031B50491D16F67B0017DE4C /* PBXContainerItemProxy */;
		};
		031B50551D16F67B0017DE4C /* PBXTargetDependency */ = {
			isa = PBXTargetDependency;
			target = 031B50331D16F67B0017DE4C /* ClickCounter */;
			targetProxy = 031B50541D16F67B0017DE4C /* PBXContainerItemProxy */;
		};
/* End PBXTargetDependency section */

/* Begin PBXVariantGroup section */
		031B503B1D16F67B0017DE4C /* Main.storyboard */ = {
			isa = PBXVariantGroup;
			children = (
				031B503C1D16F67B0017DE4C /* Base */,
			);
			name = Main.storyboard;
			sourceTree = "<group>";
		};
		031B50401D16F67B0017DE4C /* LaunchScreen.storyboard */ = {
			isa = PBXVariantGroup;
			children = (
				031B50411D16F67B0017DE4C /* Base */,
			);
			name = LaunchScreen.storyboard;
			sourceTree = "<group>";
		};
/* End PBXVariantGroup section */

/* Begin XCBuildConfiguration section */
		031B505A1D16F67B0017DE4C /* Debug */ = {
			isa = XCBuildConfiguration;
			buildSettings = {
				ALWAYS_SEARCH_USER_PATHS = NO;
				CLANG_ANALYZER_NONNULL = YES;
				CLANG_CXX_LANGUAGE_STANDARD = "gnu++0x";
				CLANG_CXX_LIBRARY = "libc++";
				CLANG_ENABLE_MODULES = YES;
				CLANG_ENABLE_OBJC_ARC = YES;
				CLANG_WARN_BOOL_CONVERSION = YES;
				CLANG_WARN_CONSTANT_CONVERSION = YES;
				CLANG_WARN_DIRECT_OBJC_ISA_USAGE = YES_ERROR;
				CLANG_WARN_EMPTY_BODY = YES;
				CLANG_WARN_ENUM_CONVERSION = YES;
				CLANG_WARN_INT_CONVERSION = YES;
				CLANG_WARN_OBJC_ROOT_CLASS = YES_ERROR;
				CLANG_WARN_UNREACHABLE_CODE = YES;
				CLANG_WARN__DUPLICATE_METHOD_MATCH = YES;
				"CODE_SIGN_IDENTITY[sdk=iphoneos*]" = "iPhone Developer";
				COPY_PHASE_STRIP = NO;
				DEBUG_INFORMATION_FORMAT = dwarf;
				ENABLE_STRICT_OBJC_MSGSEND = YES;
				ENABLE_TESTABILITY = YES;
				GCC_C_LANGUAGE_STANDARD = gnu99;
				GCC_DYNAMIC_NO_PIC = NO;
				GCC_NO_COMMON_BLOCKS = YES;
				GCC_OPTIMIZATION_LEVEL = 0;
				GCC_PREPROCESSOR_DEFINITIONS = (
					"DEBUG=1",
					"$(inherited)",
				);
				GCC_WARN_64_TO_32_BIT_CONVERSION = YES;
				GCC_WARN_ABOUT_RETURN_TYPE = YES_ERROR;
				GCC_WARN_UNDECLARED_SELECTOR = YES;
				GCC_WARN_UNINITIALIZED_AUTOS = YES_AGGRESSIVE;
				GCC_WARN_UNUSED_FUNCTION = YES;
				GCC_WARN_UNUSED_VARIABLE = YES;
				IPHONEOS_DEPLOYMENT_TARGET = 9.3;
				MTL_ENABLE_DEBUG_INFO = YES;
				ONLY_ACTIVE_ARCH = YES;
				SDKROOT = iphoneos;
				SWIFT_OPTIMIZATION_LEVEL = "-Onone";
				TARGETED_DEVICE_FAMILY = "1,2";
			};
			name = Debug;
		};
		031B505B1D16F67B0017DE4C /* Release */ = {
			isa = XCBuildConfiguration;
			buildSettings = {
				ALWAYS_SEARCH_USER_PATHS = NO;
				CLANG_ANALYZER_NONNULL = YES;
				CLANG_CXX_LANGUAGE_STANDARD = "gnu++0x";
				CLANG_CXX_LIBRARY = "libc++";
				CLANG_ENABLE_MODULES = YES;
				CLANG_ENABLE_OBJC_ARC = YES;
				CLANG_WARN_BOOL_CONVERSION = YES;
				CLANG_WARN_CONSTANT_CONVERSION = YES;
				CLANG_WARN_DIRECT_OBJC_ISA_USAGE = YES_ERROR;
				CLANG_WARN_EMPTY_BODY = YES;
				CLANG_WARN_ENUM_CONVERSION = YES;
				CLANG_WARN_INT_CONVERSION = YES;
				CLANG_WARN_OBJC_ROOT_CLASS = YES_ERROR;
				CLANG_WARN_UNREACHABLE_CODE = YES;
				CLANG_WARN__DUPLICATE_METHOD_MATCH = YES;
				"CODE_SIGN_IDENTITY[sdk=iphoneos*]" = "iPhone Developer";
				COPY_PHASE_STRIP = NO;
				DEBUG_INFORMATION_FORMAT = "dwarf-with-dsym";
				ENABLE_NS_ASSERTIONS = NO;
				ENABLE_STRICT_OBJC_MSGSEND = YES;
				GCC_C_LANGUAGE_STANDARD = gnu99;
				GCC_NO_COMMON_BLOCKS = YES;
				GCC_WARN_64_TO_32_BIT_CONVERSION = YES;
				GCC_WARN_ABOUT_RETURN_TYPE = YES_ERROR;
				GCC_WARN_UNDECLARED_SELECTOR = YES;
				GCC_WARN_UNINITIALIZED_AUTOS = YES_AGGRESSIVE;
				GCC_WARN_UNUSED_FUNCTION = YES;
				GCC_WARN_UNUSED_VARIABLE = YES;
				IPHONEOS_DEPLOYMENT_TARGET = 9.3;
				MTL_ENABLE_DEBUG_INFO = NO;
				SDKROOT = iphoneos;
				TARGETED_DEVICE_FAMILY = "1,2";
				VALIDATE_PRODUCT = YES;
			};
			name = Release;
		};
		031B505D1D16F67B0017DE4C /* Debug */ = {
			isa = XCBuildConfiguration;
			buildSettings = {
				ASSETCATALOG_COMPILER_APPICON_NAME = AppIcon;
				CODE_SIGN_IDENTITY = "iPhone Developer";
				"CODE_SIGN_IDENTITY[sdk=iphoneos*]" = "iPhone Developer";
				INFOPLIST_FILE = ClickCounter/Info.plist;
				LD_RUNPATH_SEARCH_PATHS = "$(inherited) @executable_path/Frameworks";
				PRODUCT_BUNDLE_IDENTIFIER = me.litleleprikon.ClickCounter;
				PRODUCT_NAME = "$(TARGET_NAME)";
				PROVISIONING_PROFILE = "";
			};
			name = Debug;
		};
		031B505E1D16F67B0017DE4C /* Release */ = {
			isa = XCBuildConfiguration;
			buildSettings = {
				ASSETCATALOG_COMPILER_APPICON_NAME = AppIcon;
				CODE_SIGN_IDENTITY = "iPhone Developer";
				"CODE_SIGN_IDENTITY[sdk=iphoneos*]" = "iPhone Developer";
				INFOPLIST_FILE = ClickCounter/Info.plist;
				LD_RUNPATH_SEARCH_PATHS = "$(inherited) @executable_path/Frameworks";
				PRODUCT_BUNDLE_IDENTIFIER = me.litleleprikon.ClickCounter;
				PRODUCT_NAME = "$(TARGET_NAME)";
				PROVISIONING_PROFILE = "";
			};
			name = Release;
		};
		031B50601D16F67B0017DE4C /* Debug */ = {
			isa = XCBuildConfiguration;
			buildSettings = {
				BUNDLE_LOADER = "$(TEST_HOST)";
				INFOPLIST_FILE = ClickCounterTests/Info.plist;
				LD_RUNPATH_SEARCH_PATHS = "$(inherited) @executable_path/Frameworks @loader_path/Frameworks";
				PRODUCT_BUNDLE_IDENTIFIER = me.litleleprikon.ClickCounterTests;
				PRODUCT_NAME = "$(TARGET_NAME)";
				TEST_HOST = "$(BUILT_PRODUCTS_DIR)/ClickCounter.app/ClickCounter";
			};
			name = Debug;
		};
		031B50611D16F67B0017DE4C /* Release */ = {
			isa = XCBuildConfiguration;
			buildSettings = {
				BUNDLE_LOADER = "$(TEST_HOST)";
				INFOPLIST_FILE = ClickCounterTests/Info.plist;
				LD_RUNPATH_SEARCH_PATHS = "$(inherited) @executable_path/Frameworks @loader_path/Frameworks";
				PRODUCT_BUNDLE_IDENTIFIER = me.litleleprikon.ClickCounterTests;
				PRODUCT_NAME = "$(TARGET_NAME)";
				TEST_HOST = "$(BUILT_PRODUCTS_DIR)/ClickCounter.app/ClickCounter";
			};
			name = Release;
		};
		031B50631D16F67B0017DE4C /* Debug */ = {
			isa = XCBuildConfiguration;
			buildSettings = {
				INFOPLIST_FILE = ClickCounterUITests/Info.plist;
				LD_RUNPATH_SEARCH_PATHS = "$(inherited) @executable_path/Frameworks @loader_path/Frameworks";
				PRODUCT_BUNDLE_IDENTIFIER = me.litleleprikon.ClickCounterUITests;
				PRODUCT_NAME = "$(TARGET_NAME)";
				TEST_TARGET_NAME = ClickCounter;
			};
			name = Debug;
		};
		031B50641D16F67B0017DE4C /* Release */ = {
			isa = XCBuildConfiguration;
			buildSettings = {
				INFOPLIST_FILE = ClickCounterUITests/Info.plist;
				LD_RUNPATH_SEARCH_PATHS = "$(inherited) @executable_path/Frameworks @loader_path/Frameworks";
				PRODUCT_BUNDLE_IDENTIFIER = me.litleleprikon.ClickCounterUITests;
				PRODUCT_NAME = "$(TARGET_NAME)";
				TEST_TARGET_NAME = ClickCounter;
			};
			name = Release;
		};
/* End XCBuildConfiguration section */

/* Begin XCConfigurationList section */
		031B502F1D16F67B0017DE4C /* Build configuration list for PBXProject "ClickCounter" */ = {
			isa = XCConfigurationList;
			buildConfigurations = (
				031B505A1D16F67B0017DE4C /* Debug */,
				031B505B1D16F67B0017DE4C /* Release */,
			);
			defaultConfigurationIsVisible = 0;
			defaultConfigurationName = Release;
		};
		031B505C1D16F67B0017DE4C /* Build configuration list for PBXNativeTarget "ClickCounter" */ = {
			isa = XCConfigurationList;
			buildConfigurations = (
				031B505D1D16F67B0017DE4C /* Debug */,
				031B505E1D16F67B0017DE4C /* Release */,
			);
			defaultConfigurationIsVisible = 0;
		};
		031B505F1D16F67B0017DE4C /* Build configuration list for PBXNativeTarget "ClickCounterTests" */ = {
			isa = XCConfigurationList;
			buildConfigurations = (
				031B50601D16F67B0017DE4C /* Debug */,
				031B50611D16F67B0017DE4C /* Release */,
			);
			defaultConfigurationIsVisible = 0;
		};
		031B50621D16F67B0017DE4C /* Build configuration list for PBXNativeTarget "ClickCounterUITests" */ = {
			isa = XCConfigurationList;
			buildConfigurations = (
				031B50631D16F67B0017DE4C /* Debug */,
				031B50641D16F67B0017DE4C /* Release */,
			);
			defaultConfigurationIsVisible = 0;
		};
/* End XCConfigurationList section */
	};
	rootObject = 031B502C1D16F67B0017DE4C /* Project object */;
}
